
Microsoft Visual Studio Solution File, Format Version 12.00
# Visual Studio Version 17
VisualStudioVersion = 17.1.32228.430
MinimumVisualStudioVersion = 10.0.40219.1
Project("{FAE04EC0-301F-11D3-BF4B-00C04F79EFBC}") = "22_3", "22_3\22_3.csproj", "{9C827FE5-1D50-4DC2-9B21-08CAE09D86C0}"
EndProject
Global
	GlobalSection(SolutionConfigurationPlatforms) = preSolution
		Debug|Any CPU = Debug|Any CPU
		Release|Any CPU = Release|Any CPU
	EndGlobalSection
	GlobalSection(ProjectConfigurationPlatforms) = postSolution
		{9C827FE5-1D50-4DC2-9B21-08CAE09D86C0}.Debug|Any CPU.ActiveCfg = Debug|Any CPU
		{9C827FE5-1D50-4DC2-9B21-08CAE09D86C0}.Debug|Any CPU.Build.0 = Debug|Any CPU
		{9C827FE5-1D50-4DC2-9B21-08CAE09D86C0}.Release|Any CPU.ActiveCfg = Release|Any CPU
		{9C827FE5-1D50-4DC2-9B21-08CAE09D86C0}.Release|Any CPU.Build.0 = Release|Any CPU
	EndGlobalSection
	GlobalSection(SolutionProperties) = preSolution
		HideSolutionNode = FALSE
	EndGlobalSection
	GlobalSection(ExtensibilityGlobals) = postSolution
		SolutionGuid = {ECB4858E-AD12-492A-AC84-347E1B29121B}
	EndGlobalSection
EndGlobal
